// !$*UTF8*$!
{
	archiveVersion = 1;
	classes = {
	};
	objectVersion = 48;
	objects = {

/* Begin PBXBuildFile section */
		D71229B41FF64BCF006F0CEC /* VirtualTouristClient.swift in Sources */ = {isa = PBXBuildFile; fileRef = D71229B31FF64BCF006F0CEC /* VirtualTouristClient.swift */; };
		D752B91F1FF42C2A00C5D72B /* Extensions.swift in Sources */ = {isa = PBXBuildFile; fileRef = D752B91E1FF42C2A00C5D72B /* Extensions.swift */; };
		D752B9211FF42F6B00C5D72B /* CollectionViewController.swift in Sources */ = {isa = PBXBuildFile; fileRef = D752B9201FF42F6B00C5D72B /* CollectionViewController.swift */; };
		D768B25A1FF2A79A008CC29F /* VirtualTourist.xcdatamodeld in Sources */ = {isa = PBXBuildFile; fileRef = D768B2581FF2A79A008CC29F /* VirtualTourist.xcdatamodeld */; };
		D768B25C1FF2AA97008CC29F /* DataStructures.swift in Sources */ = {isa = PBXBuildFile; fileRef = D768B25B1FF2AA97008CC29F /* DataStructures.swift */; };
		D768B27D1FF2B0E9008CC29F /* Pin+CoreDataClass.swift in Sources */ = {isa = PBXBuildFile; fileRef = D768B2791FF2B0E9008CC29F /* Pin+CoreDataClass.swift */; };
		D768B27E1FF2B0E9008CC29F /* Pin+CoreDataProperties.swift in Sources */ = {isa = PBXBuildFile; fileRef = D768B27A1FF2B0E9008CC29F /* Pin+CoreDataProperties.swift */; };
		D768B27F1FF2B0E9008CC29F /* PhotoInfo+CoreDataClass.swift in Sources */ = {isa = PBXBuildFile; fileRef = D768B27B1FF2B0E9008CC29F /* PhotoInfo+CoreDataClass.swift */; };
		D768B2801FF2B0E9008CC29F /* PhotoInfo+CoreDataProperties.swift in Sources */ = {isa = PBXBuildFile; fileRef = D768B27C1FF2B0E9008CC29F /* PhotoInfo+CoreDataProperties.swift */; };
		D768B2841FF2B177008CC29F /* CoreDataStack.swift in Sources */ = {isa = PBXBuildFile; fileRef = D768B2821FF2B177008CC29F /* CoreDataStack.swift */; };
		D768B2891FF2B4FB008CC29F /* MapViewController.swift in Sources */ = {isa = PBXBuildFile; fileRef = D768B2881FF2B4FB008CC29F /* MapViewController.swift */; };
		D768B28B1FF3183E008CC29F /* Reachability.swift in Sources */ = {isa = PBXBuildFile; fileRef = D768B28A1FF3183E008CC29F /* Reachability.swift */; };
		D768B28E1FF31854008CC29F /* MapKit.framework in Frameworks */ = {isa = PBXBuildFile; fileRef = D768B28D1FF31854008CC29F /* MapKit.framework */; };
		D768B2901FF3185C008CC29F /* SystemConfiguration.framework in Frameworks */ = {isa = PBXBuildFile; fileRef = D768B28F1FF3185C008CC29F /* SystemConfiguration.framework */; };
		D77BC8D91FF54ACF006B28B6 /* CoreDataCollectionViewController.swift in Sources */ = {isa = PBXBuildFile; fileRef = D77BC8D81FF54ACF006B28B6 /* CoreDataCollectionViewController.swift */; };
		D784BBA91FFECD590022BE20 /* PhotoCollectionViewCell.swift in Sources */ = {isa = PBXBuildFile; fileRef = D784BBA81FFECD580022BE20 /* PhotoCollectionViewCell.swift */; };
		D7CF73F01FEFBF590021C31B /* AppDelegate.swift in Sources */ = {isa = PBXBuildFile; fileRef = D7CF73EF1FEFBF590021C31B /* AppDelegate.swift */; };
		D7CF73F51FEFBF590021C31B /* Main.storyboard in Resources */ = {isa = PBXBuildFile; fileRef = D7CF73F31FEFBF590021C31B /* Main.storyboard */; };
		D7CF73F71FEFBF590021C31B /* Assets.xcassets in Resources */ = {isa = PBXBuildFile; fileRef = D7CF73F61FEFBF590021C31B /* Assets.xcassets */; };
		D7CF73FA1FEFBF590021C31B /* LaunchScreen.storyboard in Resources */ = {isa = PBXBuildFile; fileRef = D7CF73F81FEFBF590021C31B /* LaunchScreen.storyboard */; };
		D7CF74021FEFC77D0021C31B /* Constants.swift in Sources */ = {isa = PBXBuildFile; fileRef = D7CF74011FEFC77D0021C31B /* Constants.swift */; };
/* End PBXBuildFile section */

/* Begin PBXFileReference section */
		D71229B31FF64BCF006F0CEC /* VirtualTouristClient.swift */ = {isa = PBXFileReference; lastKnownFileType = sourcecode.swift; path = VirtualTouristClient.swift; sourceTree = "<group>"; };
		D752B91E1FF42C2A00C5D72B /* Extensions.swift */ = {isa = PBXFileReference; fileEncoding = 4; lastKnownFileType = sourcecode.swift; path = Extensions.swift; sourceTree = "<group>"; };
		D752B9201FF42F6B00C5D72B /* CollectionViewController.swift */ = {isa = PBXFileReference; lastKnownFileType = sourcecode.swift; path = CollectionViewController.swift; sourceTree = "<group>"; };
		D768B2591FF2A79A008CC29F /* VirtualTourist.xcdatamodel */ = {isa = PBXFileReference; lastKnownFileType = wrapper.xcdatamodel; path = VirtualTourist.xcdatamodel; sourceTree = "<group>"; };
		D768B25B1FF2AA97008CC29F /* DataStructures.swift */ = {isa = PBXFileReference; lastKnownFileType = sourcecode.swift; path = DataStructures.swift; sourceTree = "<group>"; };
		D768B2791FF2B0E9008CC29F /* Pin+CoreDataClass.swift */ = {isa = PBXFileReference; lastKnownFileType = sourcecode.swift; path = "Pin+CoreDataClass.swift"; sourceTree = "<group>"; };
		D768B27A1FF2B0E9008CC29F /* Pin+CoreDataProperties.swift */ = {isa = PBXFileReference; lastKnownFileType = sourcecode.swift; path = "Pin+CoreDataProperties.swift"; sourceTree = "<group>"; };
		D768B27B1FF2B0E9008CC29F /* PhotoInfo+CoreDataClass.swift */ = {isa = PBXFileReference; lastKnownFileType = sourcecode.swift; path = "PhotoInfo+CoreDataClass.swift"; sourceTree = "<group>"; };
		D768B27C1FF2B0E9008CC29F /* PhotoInfo+CoreDataProperties.swift */ = {isa = PBXFileReference; lastKnownFileType = sourcecode.swift; path = "PhotoInfo+CoreDataProperties.swift"; sourceTree = "<group>"; };
		D768B2821FF2B177008CC29F /* CoreDataStack.swift */ = {isa = PBXFileReference; fileEncoding = 4; lastKnownFileType = sourcecode.swift; path = CoreDataStack.swift; sourceTree = "<group>"; };
		D768B2881FF2B4FB008CC29F /* MapViewController.swift */ = {isa = PBXFileReference; lastKnownFileType = sourcecode.swift; path = MapViewController.swift; sourceTree = "<group>"; };
		D768B28A1FF3183E008CC29F /* Reachability.swift */ = {isa = PBXFileReference; fileEncoding = 4; lastKnownFileType = sourcecode.swift; path = Reachability.swift; sourceTree = "<group>"; };
		D768B28D1FF31854008CC29F /* MapKit.framework */ = {isa = PBXFileReference; lastKnownFileType = wrapper.framework; name = MapKit.framework; path = System/Library/Frameworks/MapKit.framework; sourceTree = SDKROOT; };
		D768B28F1FF3185C008CC29F /* SystemConfiguration.framework */ = {isa = PBXFileReference; lastKnownFileType = wrapper.framework; name = SystemConfiguration.framework; path = System/Library/Frameworks/SystemConfiguration.framework; sourceTree = SDKROOT; };
		D77BC8D81FF54ACF006B28B6 /* CoreDataCollectionViewController.swift */ = {isa = PBXFileReference; lastKnownFileType = sourcecode.swift; path = CoreDataCollectionViewController.swift; sourceTree = "<group>"; };
		D784BBA81FFECD580022BE20 /* PhotoCollectionViewCell.swift */ = {isa = PBXFileReference; lastKnownFileType = sourcecode.swift; path = PhotoCollectionViewCell.swift; sourceTree = "<group>"; };
		D7CF73EC1FEFBF590021C31B /* VirtualTourist.app */ = {isa = PBXFileReference; explicitFileType = wrapper.application; includeInIndex = 0; path = VirtualTourist.app; sourceTree = BUILT_PRODUCTS_DIR; };
		D7CF73EF1FEFBF590021C31B /* AppDelegate.swift */ = {isa = PBXFileReference; lastKnownFileType = sourcecode.swift; path = AppDelegate.swift; sourceTree = "<group>"; };
		D7CF73F41FEFBF590021C31B /* Base */ = {isa = PBXFileReference; lastKnownFileType = file.storyboard; name = Base; path = Base.lproj/Main.storyboard; sourceTree = "<group>"; };
		D7CF73F61FEFBF590021C31B /* Assets.xcassets */ = {isa = PBXFileReference; lastKnownFileType = folder.assetcatalog; path = Assets.xcassets; sourceTree = "<group>"; };
		D7CF73F91FEFBF590021C31B /* Base */ = {isa = PBXFileReference; lastKnownFileType = file.storyboard; name = Base; path = Base.lproj/LaunchScreen.storyboard; sourceTree = "<group>"; };
		D7CF73FB1FEFBF590021C31B /* Info.plist */ = {isa = PBXFileReference; lastKnownFileType = text.plist.xml; path = Info.plist; sourceTree = "<group>"; };
		D7CF74011FEFC77D0021C31B /* Constants.swift */ = {isa = PBXFileReference; lastKnownFileType = sourcecode.swift; path = Constants.swift; sourceTree = "<group>"; };
/* End PBXFileReference section */

/* Begin PBXFrameworksBuildPhase section */
		D7CF73E91FEFBF590021C31B /* Frameworks */ = {
			isa = PBXFrameworksBuildPhase;
			buildActionMask = 2147483647;
			files = (
				D768B2901FF3185C008CC29F /* SystemConfiguration.framework in Frameworks */,
				D768B28E1FF31854008CC29F /* MapKit.framework in Frameworks */,
			);
			runOnlyForDeploymentPostprocessing = 0;
		};
/* End PBXFrameworksBuildPhase section */

/* Begin PBXGroup section */
		D768B2811FF2B13C008CC29F /* Models */ = {
			isa = PBXGroup;
			children = (
				D768B2581FF2A79A008CC29F /* VirtualTourist.xcdatamodeld */,
				D768B2821FF2B177008CC29F /* CoreDataStack.swift */,
				D768B2791FF2B0E9008CC29F /* Pin+CoreDataClass.swift */,
				D768B27A1FF2B0E9008CC29F /* Pin+CoreDataProperties.swift */,
				D768B27B1FF2B0E9008CC29F /* PhotoInfo+CoreDataClass.swift */,
				D768B27C1FF2B0E9008CC29F /* PhotoInfo+CoreDataProperties.swift */,
			);
			path = Models;
			sourceTree = "<group>";
		};
		D768B2861FF2B189008CC29F /* Controllers */ = {
			isa = PBXGroup;
			children = (
				D768B2881FF2B4FB008CC29F /* MapViewController.swift */,
				D752B9201FF42F6B00C5D72B /* CollectionViewController.swift */,
				D77BC8D81FF54ACF006B28B6 /* CoreDataCollectionViewController.swift */,
				D784BBA81FFECD580022BE20 /* PhotoCollectionViewCell.swift */,
			);
			path = Controllers;
			sourceTree = "<group>";
		};
		D768B2871FF2B1B2008CC29F /* Assets */ = {
			isa = PBXGroup;
			children = (
				D7CF73F31FEFBF590021C31B /* Main.storyboard */,
				D7CF73F81FEFBF590021C31B /* LaunchScreen.storyboard */,
				D7CF73F61FEFBF590021C31B /* Assets.xcassets */,
			);
			path = Assets;
			sourceTree = "<group>";
		};
		D768B28C1FF31853008CC29F /* Frameworks */ = {
			isa = PBXGroup;
			children = (
				D768B28F1FF3185C008CC29F /* SystemConfiguration.framework */,
				D768B28D1FF31854008CC29F /* MapKit.framework */,
			);
			name = Frameworks;
			sourceTree = "<group>";
		};
		D768B2911FF31898008CC29F /* Supporting Files */ = {
			isa = PBXGroup;
			children = (
				D7CF74011FEFC77D0021C31B /* Constants.swift */,
				D768B25B1FF2AA97008CC29F /* DataStructures.swift */,
				D768B28A1FF3183E008CC29F /* Reachability.swift */,
				D752B91E1FF42C2A00C5D72B /* Extensions.swift */,
				D71229B31FF64BCF006F0CEC /* VirtualTouristClient.swift */,
			);
			path = "Supporting Files";
			sourceTree = "<group>";
		};
		D7CF73E31FEFBF590021C31B = {
			isa = PBXGroup;
			children = (
				D7CF73EE1FEFBF590021C31B /* VirtualTourist */,
				D7CF73ED1FEFBF590021C31B /* Products */,
				D768B28C1FF31853008CC29F /* Frameworks */,
			);
			sourceTree = "<group>";
		};
		D7CF73ED1FEFBF590021C31B /* Products */ = {
			isa = PBXGroup;
			children = (
				D7CF73EC1FEFBF590021C31B /* VirtualTourist.app */,
			);
			name = Products;
			sourceTree = "<group>";
		};
		D7CF73EE1FEFBF590021C31B /* VirtualTourist */ = {
			isa = PBXGroup;
			children = (
				D7CF73FB1FEFBF590021C31B /* Info.plist */,
				D7CF73EF1FEFBF590021C31B /* AppDelegate.swift */,
				D768B2871FF2B1B2008CC29F /* Assets */,
				D768B2861FF2B189008CC29F /* Controllers */,
				D768B2811FF2B13C008CC29F /* Models */,
				D768B2911FF31898008CC29F /* Supporting Files */,
			);
			path = VirtualTourist;
			sourceTree = "<group>";
		};
/* End PBXGroup section */

/* Begin PBXNativeTarget section */
		D7CF73EB1FEFBF590021C31B /* VirtualTourist */ = {
			isa = PBXNativeTarget;
			buildConfigurationList = D7CF73FE1FEFBF590021C31B /* Build configuration list for PBXNativeTarget "VirtualTourist" */;
			buildPhases = (
				D7CF73E81FEFBF590021C31B /* Sources */,
				D7CF73E91FEFBF590021C31B /* Frameworks */,
				D7CF73EA1FEFBF590021C31B /* Resources */,
			);
			buildRules = (
			);
			dependencies = (
			);
			name = VirtualTourist;
			productName = VirtualTourist;
			productReference = D7CF73EC1FEFBF590021C31B /* VirtualTourist.app */;
			productType = "com.apple.product-type.application";
		};
/* End PBXNativeTarget section */

/* Begin PBXProject section */
		D7CF73E41FEFBF590021C31B /* Project object */ = {
			isa = PBXProject;
			attributes = {
				LastSwiftUpdateCheck = 0920;
				LastUpgradeCheck = 0920;
				ORGANIZATIONNAME = Jacko1972;
				TargetAttributes = {
					D7CF73EB1FEFBF590021C31B = {
						CreatedOnToolsVersion = 9.2;
						ProvisioningStyle = Automatic;
						SystemCapabilities = {
							com.apple.Maps.iOS = {
								enabled = 1;
							};
						};
					};
				};
			};
			buildConfigurationList = D7CF73E71FEFBF590021C31B /* Build configuration list for PBXProject "VirtualTourist" */;
			compatibilityVersion = "Xcode 8.0";
			developmentRegion = en;
			hasScannedForEncodings = 0;
			knownRegions = (
				en,
				Base,
			);
			mainGroup = D7CF73E31FEFBF590021C31B;
			productRefGroup = D7CF73ED1FEFBF590021C31B /* Products */;
			projectDirPath = "";
			projectRoot = "";
			targets = (
				D7CF73EB1FEFBF590021C31B /* VirtualTourist */,
			);
		};
/* End PBXProject section */

/* Begin PBXResourcesBuildPhase section */
		D7CF73EA1FEFBF590021C31B /* Resources */ = {
			isa = PBXResourcesBuildPhase;
			buildActionMask = 2147483647;
			files = (
				D7CF73FA1FEFBF590021C31B /* LaunchScreen.storyboard in Resources */,
				D7CF73F71FEFBF590021C31B /* Assets.xcassets in Resources */,
				D7CF73F51FEFBF590021C31B /* Main.storyboard in Resources */,
			);
			runOnlyForDeploymentPostprocessing = 0;
		};
/* End PBXResourcesBuildPhase section */

/* Begin PBXSourcesBuildPhase section */
		D7CF73E81FEFBF590021C31B /* Sources */ = {
			isa = PBXSourcesBuildPhase;
			buildActionMask = 2147483647;
			files = (
				D768B2891FF2B4FB008CC29F /* MapViewController.swift in Sources */,
				D768B25A1FF2A79A008CC29F /* VirtualTourist.xcdatamodeld in Sources */,
				D768B28B1FF3183E008CC29F /* Reachability.swift in Sources */,
				D768B25C1FF2AA97008CC29F /* DataStructures.swift in Sources */,
				D752B9211FF42F6B00C5D72B /* CollectionViewController.swift in Sources */,
				D768B27F1FF2B0E9008CC29F /* PhotoInfo+CoreDataClass.swift in Sources */,
				D71229B41FF64BCF006F0CEC /* VirtualTouristClient.swift in Sources */,
				D768B27E1FF2B0E9008CC29F /* Pin+CoreDataProperties.swift in Sources */,
				D768B2841FF2B177008CC29F /* CoreDataStack.swift in Sources */,
				D784BBA91FFECD590022BE20 /* PhotoCollectionViewCell.swift in Sources */,
				D768B27D1FF2B0E9008CC29F /* Pin+CoreDataClass.swift in Sources */,
				D77BC8D91FF54ACF006B28B6 /* CoreDataCollectionViewController.swift in Sources */,
				D752B91F1FF42C2A00C5D72B /* Extensions.swift in Sources */,
				D7CF73F01FEFBF590021C31B /* AppDelegate.swift in Sources */,
				D7CF74021FEFC77D0021C31B /* Constants.swift in Sources */,
				D768B2801FF2B0E9008CC29F /* PhotoInfo+CoreDataProperties.swift in Sources */,
			);
			runOnlyForDeploymentPostprocessing = 0;
		};
/* End PBXSourcesBuildPhase section */

/* Begin PBXVariantGroup section */
		D7CF73F31FEFBF590021C31B /* Main.storyboard */ = {
			isa = PBXVariantGroup;
			children = (
				D7CF73F41FEFBF590021C31B /* Base */,
			);
			name = Main.storyboard;
			sourceTree = "<group>";
		};
		D7CF73F81FEFBF590021C31B /* LaunchScreen.storyboard */ = {
			isa = PBXVariantGroup;
			children = (
				D7CF73F91FEFBF590021C31B /* Base */,
			);
			name = LaunchScreen.storyboard;
			sourceTree = "<group>";
		};
/* End PBXVariantGroup section */

/* Begin XCBuildConfiguration section */
		D7CF73FC1FEFBF590021C31B /* Debug */ = {
			isa = XCBuildConfiguration;
			buildSettings = {
				ALWAYS_SEARCH_USER_PATHS = NO;
				CLANG_ANALYZER_NONNULL = YES;
				CLANG_ANALYZER_NUMBER_OBJECT_CONVERSION = YES_AGGRESSIVE;
				CLANG_CXX_LANGUAGE_STANDARD = "gnu++14";
				CLANG_CXX_LIBRARY = "libc++";
				CLANG_ENABLE_MODULES = YES;
				CLANG_ENABLE_OBJC_ARC = YES;
				CLANG_WARN_BLOCK_CAPTURE_AUTORELEASING = YES;
				CLANG_WARN_BOOL_CONVERSION = YES;
				CLANG_WARN_COMMA = YES;
				CLANG_WARN_CONSTANT_CONVERSION = YES;
				CLANG_WARN_DIRECT_OBJC_ISA_USAGE = YES_ERROR;
				CLANG_WARN_DOCUMENTATION_COMMENTS = YES;
				CLANG_WARN_EMPTY_BODY = YES;
				CLANG_WARN_ENUM_CONVERSION = YES;
				CLANG_WARN_INFINITE_RECURSION = YES;
				CLANG_WARN_INT_CONVERSION = YES;
				CLANG_WARN_NON_LITERAL_NULL_CONVERSION = YES;
				CLANG_WARN_OBJC_LITERAL_CONVERSION = YES;
				CLANG_WARN_OBJC_ROOT_CLASS = YES_ERROR;
				CLANG_WARN_RANGE_LOOP_ANALYSIS = YES;
				CLANG_WARN_STRICT_PROTOTYPES = YES;
				CLANG_WARN_SUSPICIOUS_MOVE = YES;
				CLANG_WARN_UNGUARDED_AVAILABILITY = YES_AGGRESSIVE;
				CLANG_WARN_UNREACHABLE_CODE = YES;
				CLANG_WARN__DUPLICATE_METHOD_MATCH = YES;
				CODE_SIGN_IDENTITY = "iPhone Developer";
				COPY_PHASE_STRIP = NO;
				DEBUG_INFORMATION_FORMAT = dwarf;
				ENABLE_STRICT_OBJC_MSGSEND = YES;
				ENABLE_TESTABILITY = YES;
				GCC_C_LANGUAGE_STANDARD = gnu11;
				GCC_DYNAMIC_NO_PIC = NO;
				GCC_NO_COMMON_BLOCKS = YES;
				GCC_OPTIMIZATION_LEVEL = 0;
				GCC_PREPROCESSOR_DEFINITIONS = (
					"DEBUG=1",
					"$(inherited)",
				);
				GCC_WARN_64_TO_32_BIT_CONVERSION = YES;
				GCC_WARN_ABOUT_RETURN_TYPE = YES_ERROR;
				GCC_WARN_UNDECLARED_SELECTOR = YES;
				GCC_WARN_UNINITIALIZED_AUTOS = YES_AGGRESSIVE;
				GCC_WARN_UNUSED_FUNCTION = YES;
				GCC_WARN_UNUSED_VARIABLE = YES;
				IPHONEOS_DEPLOYMENT_TARGET = 11.2;
				MTL_ENABLE_DEBUG_INFO = YES;
				ONLY_ACTIVE_ARCH = YES;
				SDKROOT = iphoneos;
				SWIFT_ACTIVE_COMPILATION_CONDITIONS = DEBUG;
				SWIFT_OPTIMIZATION_LEVEL = "-Onone";
			};
			name = Debug;
		};
		D7CF73FD1FEFBF590021C31B /* Release */ = {
			isa = XCBuildConfiguration;
			buildSettings = {
				ALWAYS_SEARCH_USER_PATHS = NO;
				CLANG_ANALYZER_NONNULL = YES;
				CLANG_ANALYZER_NUMBER_OBJECT_CONVERSION = YES_AGGRESSIVE;
				CLANG_CXX_LANGUAGE_STANDARD = "gnu++14";
				CLANG_CXX_LIBRARY = "libc++";
				CLANG_ENABLE_MODULES = YES;
				CLANG_ENABLE_OBJC_ARC = YES;
				CLANG_WARN_BLOCK_CAPTURE_AUTORELEASING = YES;
				CLANG_WARN_BOOL_CONVERSION = YES;
				CLANG_WARN_COMMA = YES;
				CLANG_WARN_CONSTANT_CONVERSION = YES;
				CLANG_WARN_DIRECT_OBJC_ISA_USAGE = YES_ERROR;
				CLANG_WARN_DOCUMENTATION_COMMENTS = YES;
				CLANG_WARN_EMPTY_BODY = YES;
				CLANG_WARN_ENUM_CONVERSION = YES;
				CLANG_WARN_INFINITE_RECURSION = YES;
				CLANG_WARN_INT_CONVERSION = YES;
				CLANG_WARN_NON_LITERAL_NULL_CONVERSION = YES;
				CLANG_WARN_OBJC_LITERAL_CONVERSION = YES;
				CLANG_WARN_OBJC_ROOT_CLASS = YES_ERROR;
				CLANG_WARN_RANGE_LOOP_ANALYSIS = YES;
				CLANG_WARN_STRICT_PROTOTYPES = YES;
				CLANG_WARN_SUSPICIOUS_MOVE = YES;
				CLANG_WARN_UNGUARDED_AVAILABILITY = YES_AGGRESSIVE;
				CLANG_WARN_UNREACHABLE_CODE = YES;
				CLANG_WARN__DUPLICATE_METHOD_MATCH = YES;
				CODE_SIGN_IDENTITY = "iPhone Developer";
				COPY_PHASE_STRIP = NO;
				DEBUG_INFORMATION_FORMAT = "dwarf-with-dsym";
				ENABLE_NS_ASSERTIONS = NO;
				ENABLE_STRICT_OBJC_MSGSEND = YES;
				GCC_C_LANGUAGE_STANDARD = gnu11;
				GCC_NO_COMMON_BLOCKS = YES;
				GCC_WARN_64_TO_32_BIT_CONVERSION = YES;
				GCC_WARN_ABOUT_RETURN_TYPE = YES_ERROR;
				GCC_WARN_UNDECLARED_SELECTOR = YES;
				GCC_WARN_UNINITIALIZED_AUTOS = YES_AGGRESSIVE;
				GCC_WARN_UNUSED_FUNCTION = YES;
				GCC_WARN_UNUSED_VARIABLE = YES;
				IPHONEOS_DEPLOYMENT_TARGET = 11.2;
				MTL_ENABLE_DEBUG_INFO = NO;
				SDKROOT = iphoneos;
				SWIFT_OPTIMIZATION_LEVEL = "-Owholemodule";
				VALIDATE_PRODUCT = YES;
			};
			name = Release;
		};
		D7CF73FF1FEFBF590021C31B /* Debug */ = {
			isa = XCBuildConfiguration;
			buildSettings = {
				ASSETCATALOG_COMPILER_APPICON_NAME = AppIcon;
				CODE_SIGN_STYLE = Automatic;
				DEVELOPMENT_TEAM = 43UCP6E9J2;
				INFOPLIST_FILE = VirtualTourist/Info.plist;
				LD_RUNPATH_SEARCH_PATHS = "$(inherited) @executable_path/Frameworks";
				PRODUCT_BUNDLE_IDENTIFIER = com.jacko1972.VirtualTourist;
				PRODUCT_NAME = "$(TARGET_NAME)";
				SWIFT_VERSION = 4.0;
				TARGETED_DEVICE_FAMILY = "1,2";
			};
			name = Debug;
		};
		D7CF74001FEFBF590021C31B /* Release */ = {
			isa = XCBuildConfiguration;
			buildSettings = {
				ASSETCATALOG_COMPILER_APPICON_NAME = AppIcon;
				CODE_SIGN_STYLE = Automatic;
				DEVELOPMENT_TEAM = 43UCP6E9J2;
				INFOPLIST_FILE = VirtualTourist/Info.plist;
				LD_RUNPATH_SEARCH_PATHS = "$(inherited) @executable_path/Frameworks";
				PRODUCT_BUNDLE_IDENTIFIER = com.jacko1972.VirtualTourist;
				PRODUCT_NAME = "$(TARGET_NAME)";
				SWIFT_VERSION = 4.0;
				TARGETED_DEVICE_FAMILY = "1,2";
			};
			name = Release;
		};
/* End XCBuildConfiguration section */

/* Begin XCConfigurationList section */
		D7CF73E71FEFBF590021C31B /* Build configuration list for PBXProject "VirtualTourist" */ = {
			isa = XCConfigurationList;
			buildConfigurations = (
				D7CF73FC1FEFBF590021C31B /* Debug */,
				D7CF73FD1FEFBF590021C31B /* Release */,
			);
			defaultConfigurationIsVisible = 0;
			defaultConfigurationName = Release;
		};
		D7CF73FE1FEFBF590021C31B /* Build configuration list for PBXNativeTarget "VirtualTourist" */ = {
			isa = XCConfigurationList;
			buildConfigurations = (
				D7CF73FF1FEFBF590021C31B /* Debug */,
				D7CF74001FEFBF590021C31B /* Release */,
			);
			defaultConfigurationIsVisible = 0;
			defaultConfigurationName = Release;
		};
/* End XCConfigurationList section */

/* Begin XCVersionGroup section */
		D768B2581FF2A79A008CC29F /* VirtualTourist.xcdatamodeld */ = {
			isa = XCVersionGroup;
			children = (
				D768B2591FF2A79A008CC29F /* VirtualTourist.xcdatamodel */,
			);
			currentVersion = D768B2591FF2A79A008CC29F /* VirtualTourist.xcdatamodel */;
			path = VirtualTourist.xcdatamodeld;
			sourceTree = "<group>";
			versionGroupType = wrapper.xcdatamodel;
		};
/* End XCVersionGroup section */
	};
	rootObject = D7CF73E41FEFBF590021C31B /* Project object */;
}
